
Microsoft Visual Studio Solution File, Format Version 12.00
# Visual Studio 15
VisualStudioVersion = 15.0.27428.2002
MinimumVisualStudioVersion = 10.0.40219.1
Project("{FAE04EC0-301F-11D3-BF4B-00C04F79EFBC}") = "ZaklepToClientLibrary", "ZaklepToClientLibrary\ZaklepToClientLibrary.csproj", "{BDD8E299-4504-4585-B328-C360EB6B5F17}"
EndProject
Global
	GlobalSection(SolutionConfigurationPlatforms) = preSolution
		Debug|Any CPU = Debug|Any CPU
		Release|Any CPU = Release|Any CPU
	EndGlobalSection
	GlobalSection(ProjectConfigurationPlatforms) = postSolution
		{BDD8E299-4504-4585-B328-C360EB6B5F17}.Debug|Any CPU.ActiveCfg = Debug|Any CPU
		{BDD8E299-4504-4585-B328-C360EB6B5F17}.Debug|Any CPU.Build.0 = Debug|Any CPU
		{BDD8E299-4504-4585-B328-C360EB6B5F17}.Release|Any CPU.ActiveCfg = Release|Any CPU
		{BDD8E299-4504-4585-B328-C360EB6B5F17}.Release|Any CPU.Build.0 = Release|Any CPU
	EndGlobalSection
	GlobalSection(SolutionProperties) = preSolution
		HideSolutionNode = FALSE
	EndGlobalSection
	GlobalSection(ExtensibilityGlobals) = postSolution
		SolutionGuid = {36C3A936-5E23-4730-9018-27B4C58CF438}
	EndGlobalSection
EndGlobal
